// !$*UTF8*$!
{
	archiveVersion = 1;
	classes = {
	};
	objectVersion = 50;
	objects = {

/* Begin PBXBuildFile section */
		FD5477F024ED3E2900985035 /* AppDelegate.swift in Sources */ = {isa = PBXBuildFile; fileRef = FD5477EF24ED3E2900985035 /* AppDelegate.swift */; };
		FD5477F224ED3E2900985035 /* SceneDelegate.swift in Sources */ = {isa = PBXBuildFile; fileRef = FD5477F124ED3E2900985035 /* SceneDelegate.swift */; };
		FD5477F924ED3E2A00985035 /* Assets.xcassets in Resources */ = {isa = PBXBuildFile; fileRef = FD5477F824ED3E2A00985035 /* Assets.xcassets */; };
		FD54780724ED3E2A00985035 /* Incident_ReportTests.swift in Sources */ = {isa = PBXBuildFile; fileRef = FD54780624ED3E2A00985035 /* Incident_ReportTests.swift */; };
		FD54781224ED3E2A00985035 /* Incident_ReportUITests.swift in Sources */ = {isa = PBXBuildFile; fileRef = FD54781124ED3E2A00985035 /* Incident_ReportUITests.swift */; };
		FD54782824ED3ED600985035 /* LaunchScreen.storyboard in Resources */ = {isa = PBXBuildFile; fileRef = FD54782624ED3ED600985035 /* LaunchScreen.storyboard */; };
		FD54782B24ED3EE200985035 /* Main.storyboard in Resources */ = {isa = PBXBuildFile; fileRef = FD54782924ED3EE200985035 /* Main.storyboard */; };
		FD54783124ED3F8300985035 /* ViewExtension.swift in Sources */ = {isa = PBXBuildFile; fileRef = FD54783024ED3F8300985035 /* ViewExtension.swift */; };
		FD54783324ED3FA000985035 /* LoginVC.swift in Sources */ = {isa = PBXBuildFile; fileRef = FD54783224ED3FA000985035 /* LoginVC.swift */; };
		FD54783524ED4A2C00985035 /* TextfieldExtension.swift in Sources */ = {isa = PBXBuildFile; fileRef = FD54783424ED4A2C00985035 /* TextfieldExtension.swift */; };
		FD54783824ED4EFC00985035 /* LoginViewModel.swift in Sources */ = {isa = PBXBuildFile; fileRef = FD54783724ED4EFC00985035 /* LoginViewModel.swift */; };
		FD54783A24ED500000985035 /* Constant.swift in Sources */ = {isa = PBXBuildFile; fileRef = FD54783924ED500000985035 /* Constant.swift */; };
		FD54783E24ED533B00985035 /* Validation.swift in Sources */ = {isa = PBXBuildFile; fileRef = FD54783D24ED533B00985035 /* Validation.swift */; };
		FD54784024ED5ADC00985035 /* ViewControllerExtension.swift in Sources */ = {isa = PBXBuildFile; fileRef = FD54783F24ED5ADC00985035 /* ViewControllerExtension.swift */; };
		FD54784324ED5FB000985035 /* MainCoordinator.swift in Sources */ = {isa = PBXBuildFile; fileRef = FD54784224ED5FB000985035 /* MainCoordinator.swift */; };
		FD54784524ED610D00985035 /* HomeVC.swift in Sources */ = {isa = PBXBuildFile; fileRef = FD54784424ED610D00985035 /* HomeVC.swift */; };
		FD54784724ED7A4E00985035 /* AddIncidentVC.swift in Sources */ = {isa = PBXBuildFile; fileRef = FD54784624ED7A4E00985035 /* AddIncidentVC.swift */; };
		FD54784E24ED7E9000985035 /* IncidentReport.xcdatamodeld in Sources */ = {isa = PBXBuildFile; fileRef = FD54784C24ED7E9000985035 /* IncidentReport.xcdatamodeld */; };
		FD54785024ED800600985035 /* HomeViewModel.swift in Sources */ = {isa = PBXBuildFile; fileRef = FD54784F24ED800600985035 /* HomeViewModel.swift */; };
		FD54785224ED801A00985035 /* AddIncidentViewModel.swift in Sources */ = {isa = PBXBuildFile; fileRef = FD54785124ED801A00985035 /* AddIncidentViewModel.swift */; };
		FD54785424ED83C600985035 /* CoreDataStack.swift in Sources */ = {isa = PBXBuildFile; fileRef = FD54785324ED83C600985035 /* CoreDataStack.swift */; };
		FD54785724ED845B00985035 /* CoreData.framework in Frameworks */ = {isa = PBXBuildFile; fileRef = FD54785624ED845B00985035 /* CoreData.framework */; };
		FD54785924ED8C3F00985035 /* NSManagedObjectContextExtension.swift in Sources */ = {isa = PBXBuildFile; fileRef = FD54785824ED8C3F00985035 /* NSManagedObjectContextExtension.swift */; };
		FD54785B24ED8CDA00985035 /* IncidentGateWay.swift in Sources */ = {isa = PBXBuildFile; fileRef = FD54785A24ED8CDA00985035 /* IncidentGateWay.swift */; };
		FD54785E24ED8E8D00985035 /* IncidentModel.swift in Sources */ = {isa = PBXBuildFile; fileRef = FD54785D24ED8E8D00985035 /* IncidentModel.swift */; };
		FD54786024ED8FBA00985035 /* Incidents.swift in Sources */ = {isa = PBXBuildFile; fileRef = FD54785F24ED8FBA00985035 /* Incidents.swift */; };
		FD54786324ED9DEC00985035 /* HomeDataSource.swift in Sources */ = {isa = PBXBuildFile; fileRef = FD54786224ED9DEC00985035 /* HomeDataSource.swift */; };
		FD54786624ED9F0900985035 /* HomeTableCell.swift in Sources */ = {isa = PBXBuildFile; fileRef = FD54786524ED9F0900985035 /* HomeTableCell.swift */; };
		FD54786824EE655800985035 /* LoginTest.swift in Sources */ = {isa = PBXBuildFile; fileRef = FD54786724EE655800985035 /* LoginTest.swift */; };
		FD54786B24EE6A9500985035 /* AddRecordTests.swift in Sources */ = {isa = PBXBuildFile; fileRef = FD54786A24EE6A9500985035 /* AddRecordTests.swift */; };
		FD54786D24EE737500985035 /* InMemoryCoreDataStack.swift in Sources */ = {isa = PBXBuildFile; fileRef = FD54786C24EE737500985035 /* InMemoryCoreDataStack.swift */; };
		FD54786F24EE785600985035 /* HomeViewModelTests.swift in Sources */ = {isa = PBXBuildFile; fileRef = FD54786E24EE785600985035 /* HomeViewModelTests.swift */; };
		FD54787124EE85CC00985035 /* HomeUITestCases.swift in Sources */ = {isa = PBXBuildFile; fileRef = FD54787024EE85CC00985035 /* HomeUITestCases.swift */; };
		FD54787324EE8FC400985035 /* AddIncidentUITestCases.swift in Sources */ = {isa = PBXBuildFile; fileRef = FD54787224EE8FC400985035 /* AddIncidentUITestCases.swift */; };
/* End PBXBuildFile section */

/* Begin PBXContainerItemProxy section */
		FD54780324ED3E2A00985035 /* PBXContainerItemProxy */ = {
			isa = PBXContainerItemProxy;
			containerPortal = FD5477E424ED3E2900985035 /* Project object */;
			proxyType = 1;
			remoteGlobalIDString = FD5477EB24ED3E2900985035;
			remoteInfo = "Incident Report";
		};
		FD54780E24ED3E2A00985035 /* PBXContainerItemProxy */ = {
			isa = PBXContainerItemProxy;
			containerPortal = FD5477E424ED3E2900985035 /* Project object */;
			proxyType = 1;
			remoteGlobalIDString = FD5477EB24ED3E2900985035;
			remoteInfo = "Incident Report";
		};
/* End PBXContainerItemProxy section */

/* Begin PBXFileReference section */
		FD5477EC24ED3E2900985035 /* Incident Report.app */ = {isa = PBXFileReference; explicitFileType = wrapper.application; includeInIndex = 0; path = "Incident Report.app"; sourceTree = BUILT_PRODUCTS_DIR; };
		FD5477EF24ED3E2900985035 /* AppDelegate.swift */ = {isa = PBXFileReference; lastKnownFileType = sourcecode.swift; path = AppDelegate.swift; sourceTree = "<group>"; };
		FD5477F124ED3E2900985035 /* SceneDelegate.swift */ = {isa = PBXFileReference; lastKnownFileType = sourcecode.swift; path = SceneDelegate.swift; sourceTree = "<group>"; };
		FD5477F824ED3E2A00985035 /* Assets.xcassets */ = {isa = PBXFileReference; lastKnownFileType = folder.assetcatalog; path = Assets.xcassets; sourceTree = "<group>"; };
		FD5477FD24ED3E2A00985035 /* Info.plist */ = {isa = PBXFileReference; lastKnownFileType = text.plist.xml; path = Info.plist; sourceTree = "<group>"; };
		FD54780224ED3E2A00985035 /* Incident ReportTests.xctest */ = {isa = PBXFileReference; explicitFileType = wrapper.cfbundle; includeInIndex = 0; path = "Incident ReportTests.xctest"; sourceTree = BUILT_PRODUCTS_DIR; };
		FD54780624ED3E2A00985035 /* Incident_ReportTests.swift */ = {isa = PBXFileReference; lastKnownFileType = sourcecode.swift; path = Incident_ReportTests.swift; sourceTree = "<group>"; };
		FD54780824ED3E2A00985035 /* Info.plist */ = {isa = PBXFileReference; lastKnownFileType = text.plist.xml; path = Info.plist; sourceTree = "<group>"; };
		FD54780D24ED3E2A00985035 /* Incident ReportUITests.xctest */ = {isa = PBXFileReference; explicitFileType = wrapper.cfbundle; includeInIndex = 0; path = "Incident ReportUITests.xctest"; sourceTree = BUILT_PRODUCTS_DIR; };
		FD54781124ED3E2A00985035 /* Incident_ReportUITests.swift */ = {isa = PBXFileReference; lastKnownFileType = sourcecode.swift; path = Incident_ReportUITests.swift; sourceTree = "<group>"; };
		FD54781324ED3E2A00985035 /* Info.plist */ = {isa = PBXFileReference; lastKnownFileType = text.plist.xml; path = Info.plist; sourceTree = "<group>"; };
		FD54782724ED3ED600985035 /* Base */ = {isa = PBXFileReference; lastKnownFileType = file.storyboard; name = Base; path = "Incident Report/Base.lproj/LaunchScreen.storyboard"; sourceTree = SOURCE_ROOT; };
		FD54782A24ED3EE200985035 /* Base */ = {isa = PBXFileReference; lastKnownFileType = file.storyboard; name = Base; path = "Incident Report/Base.lproj/Main.storyboard"; sourceTree = SOURCE_ROOT; };
		FD54783024ED3F8300985035 /* ViewExtension.swift */ = {isa = PBXFileReference; fileEncoding = 4; lastKnownFileType = sourcecode.swift; path = ViewExtension.swift; sourceTree = "<group>"; };
		FD54783224ED3FA000985035 /* LoginVC.swift */ = {isa = PBXFileReference; fileEncoding = 4; lastKnownFileType = sourcecode.swift; path = LoginVC.swift; sourceTree = "<group>"; };
		FD54783424ED4A2C00985035 /* TextfieldExtension.swift */ = {isa = PBXFileReference; lastKnownFileType = sourcecode.swift; path = TextfieldExtension.swift; sourceTree = "<group>"; };
		FD54783724ED4EFC00985035 /* LoginViewModel.swift */ = {isa = PBXFileReference; lastKnownFileType = sourcecode.swift; path = LoginViewModel.swift; sourceTree = "<group>"; };
		FD54783924ED500000985035 /* Constant.swift */ = {isa = PBXFileReference; lastKnownFileType = sourcecode.swift; path = Constant.swift; sourceTree = "<group>"; };
		FD54783D24ED533B00985035 /* Validation.swift */ = {isa = PBXFileReference; lastKnownFileType = sourcecode.swift; path = Validation.swift; sourceTree = "<group>"; };
		FD54783F24ED5ADC00985035 /* ViewControllerExtension.swift */ = {isa = PBXFileReference; lastKnownFileType = sourcecode.swift; path = ViewControllerExtension.swift; sourceTree = "<group>"; };
		FD54784224ED5FB000985035 /* MainCoordinator.swift */ = {isa = PBXFileReference; lastKnownFileType = sourcecode.swift; path = MainCoordinator.swift; sourceTree = "<group>"; };
		FD54784424ED610D00985035 /* HomeVC.swift */ = {isa = PBXFileReference; lastKnownFileType = sourcecode.swift; path = HomeVC.swift; sourceTree = "<group>"; };
		FD54784624ED7A4E00985035 /* AddIncidentVC.swift */ = {isa = PBXFileReference; lastKnownFileType = sourcecode.swift; path = AddIncidentVC.swift; sourceTree = "<group>"; };
		FD54784D24ED7E9000985035 /* IncidentReport.xcdatamodel */ = {isa = PBXFileReference; lastKnownFileType = wrapper.xcdatamodel; path = IncidentReport.xcdatamodel; sourceTree = "<group>"; };
		FD54784F24ED800600985035 /* HomeViewModel.swift */ = {isa = PBXFileReference; lastKnownFileType = sourcecode.swift; path = HomeViewModel.swift; sourceTree = "<group>"; };
		FD54785124ED801A00985035 /* AddIncidentViewModel.swift */ = {isa = PBXFileReference; lastKnownFileType = sourcecode.swift; path = AddIncidentViewModel.swift; sourceTree = "<group>"; };
		FD54785324ED83C600985035 /* CoreDataStack.swift */ = {isa = PBXFileReference; lastKnownFileType = sourcecode.swift; path = CoreDataStack.swift; sourceTree = "<group>"; };
		FD54785624ED845B00985035 /* CoreData.framework */ = {isa = PBXFileReference; lastKnownFileType = wrapper.framework; name = CoreData.framework; path = System/Library/Frameworks/CoreData.framework; sourceTree = SDKROOT; };
		FD54785824ED8C3F00985035 /* NSManagedObjectContextExtension.swift */ = {isa = PBXFileReference; lastKnownFileType = sourcecode.swift; path = NSManagedObjectContextExtension.swift; sourceTree = "<group>"; };
		FD54785A24ED8CDA00985035 /* IncidentGateWay.swift */ = {isa = PBXFileReference; lastKnownFileType = sourcecode.swift; path = IncidentGateWay.swift; sourceTree = "<group>"; };
		FD54785D24ED8E8D00985035 /* IncidentModel.swift */ = {isa = PBXFileReference; lastKnownFileType = sourcecode.swift; path = IncidentModel.swift; sourceTree = "<group>"; };
		FD54785F24ED8FBA00985035 /* Incidents.swift */ = {isa = PBXFileReference; lastKnownFileType = sourcecode.swift; path = Incidents.swift; sourceTree = "<group>"; };
		FD54786224ED9DEC00985035 /* HomeDataSource.swift */ = {isa = PBXFileReference; lastKnownFileType = sourcecode.swift; path = HomeDataSource.swift; sourceTree = "<group>"; };
		FD54786524ED9F0900985035 /* HomeTableCell.swift */ = {isa = PBXFileReference; lastKnownFileType = sourcecode.swift; path = HomeTableCell.swift; sourceTree = "<group>"; };
		FD54786724EE655800985035 /* LoginTest.swift */ = {isa = PBXFileReference; lastKnownFileType = sourcecode.swift; path = LoginTest.swift; sourceTree = "<group>"; };
		FD54786A24EE6A9500985035 /* AddRecordTests.swift */ = {isa = PBXFileReference; lastKnownFileType = sourcecode.swift; path = AddRecordTests.swift; sourceTree = "<group>"; };
		FD54786C24EE737500985035 /* InMemoryCoreDataStack.swift */ = {isa = PBXFileReference; lastKnownFileType = sourcecode.swift; path = InMemoryCoreDataStack.swift; sourceTree = "<group>"; };
		FD54786E24EE785600985035 /* HomeViewModelTests.swift */ = {isa = PBXFileReference; lastKnownFileType = sourcecode.swift; path = HomeViewModelTests.swift; sourceTree = "<group>"; };
		FD54787024EE85CC00985035 /* HomeUITestCases.swift */ = {isa = PBXFileReference; lastKnownFileType = sourcecode.swift; path = HomeUITestCases.swift; sourceTree = "<group>"; };
		FD54787224EE8FC400985035 /* AddIncidentUITestCases.swift */ = {isa = PBXFileReference; lastKnownFileType = sourcecode.swift; path = AddIncidentUITestCases.swift; sourceTree = "<group>"; };
/* End PBXFileReference section */

/* Begin PBXFrameworksBuildPhase section */
		FD5477E924ED3E2900985035 /* Frameworks */ = {
			isa = PBXFrameworksBuildPhase;
			buildActionMask = 2147483647;
			files = (
				FD54785724ED845B00985035 /* CoreData.framework in Frameworks */,
			);
			runOnlyForDeploymentPostprocessing = 0;
		};
		FD5477FF24ED3E2A00985035 /* Frameworks */ = {
			isa = PBXFrameworksBuildPhase;
			buildActionMask = 2147483647;
			files = (
			);
			runOnlyForDeploymentPostprocessing = 0;
		};
		FD54780A24ED3E2A00985035 /* Frameworks */ = {
			isa = PBXFrameworksBuildPhase;
			buildActionMask = 2147483647;
			files = (
			);
			runOnlyForDeploymentPostprocessing = 0;
		};
/* End PBXFrameworksBuildPhase section */

/* Begin PBXGroup section */
		FD5477E324ED3E2900985035 = {
			isa = PBXGroup;
			children = (
				FD5477EE24ED3E2900985035 /* Incident Report */,
				FD54780524ED3E2A00985035 /* Incident ReportTests */,
				FD54781024ED3E2A00985035 /* Incident ReportUITests */,
				FD5477ED24ED3E2900985035 /* Products */,
				FD54785524ED845A00985035 /* Frameworks */,
			);
			sourceTree = "<group>";
		};
		FD5477ED24ED3E2900985035 /* Products */ = {
			isa = PBXGroup;
			children = (
				FD5477EC24ED3E2900985035 /* Incident Report.app */,
				FD54780224ED3E2A00985035 /* Incident ReportTests.xctest */,
				FD54780D24ED3E2A00985035 /* Incident ReportUITests.xctest */,
			);
			name = Products;
			sourceTree = "<group>";
		};
		FD5477EE24ED3E2900985035 /* Incident Report */ = {
			isa = PBXGroup;
			children = (
				FD54782124ED3E6C00985035 /* AppDelegate */,
				FD54785C24ED8E7400985035 /* Model */,
				FD54784824ED7DC200985035 /* Store */,
				FD54782E24ED3F5300985035 /* AppHandler */,
				FD54784124ED5EF300985035 /* Coardinator */,
				FD54783624ED4EDC00985035 /* ViewModel */,
				FD54782324ED3E9700985035 /* VC */,
				FD54786124ED9DC300985035 /* DataSource */,
				FD54782524ED3EB100985035 /* View */,
				FD54786424ED9EC400985035 /* Cell */,
				FD5477F824ED3E2A00985035 /* Assets.xcassets */,
				FD5477FD24ED3E2A00985035 /* Info.plist */,
				FD54784C24ED7E9000985035 /* IncidentReport.xcdatamodeld */,
			);
			path = "Incident Report";
			sourceTree = "<group>";
		};
		FD54780524ED3E2A00985035 /* Incident ReportTests */ = {
			isa = PBXGroup;
			children = (
				FD54780624ED3E2A00985035 /* Incident_ReportTests.swift */,
				FD54786724EE655800985035 /* LoginTest.swift */,
				FD54786A24EE6A9500985035 /* AddRecordTests.swift */,
				FD54786E24EE785600985035 /* HomeViewModelTests.swift */,
				FD54780824ED3E2A00985035 /* Info.plist */,
				FD54786C24EE737500985035 /* InMemoryCoreDataStack.swift */,
			);
			path = "Incident ReportTests";
			sourceTree = "<group>";
		};
		FD54781024ED3E2A00985035 /* Incident ReportUITests */ = {
			isa = PBXGroup;
			children = (
				FD54781124ED3E2A00985035 /* Incident_ReportUITests.swift */,
				FD54787024EE85CC00985035 /* HomeUITestCases.swift */,
				FD54787224EE8FC400985035 /* AddIncidentUITestCases.swift */,
				FD54781324ED3E2A00985035 /* Info.plist */,
			);
			path = "Incident ReportUITests";
			sourceTree = "<group>";
		};
		FD54782124ED3E6C00985035 /* AppDelegate */ = {
			isa = PBXGroup;
			children = (
				FD5477F124ED3E2900985035 /* SceneDelegate.swift */,
				FD5477EF24ED3E2900985035 /* AppDelegate.swift */,
			);
			path = AppDelegate;
			sourceTree = "<group>";
		};
		FD54782324ED3E9700985035 /* VC */ = {
			isa = PBXGroup;
			children = (
				FD54783224ED3FA000985035 /* LoginVC.swift */,
				FD54784424ED610D00985035 /* HomeVC.swift */,
				FD54784624ED7A4E00985035 /* AddIncidentVC.swift */,
			);
			path = VC;
			sourceTree = "<group>";
		};
		FD54782524ED3EB100985035 /* View */ = {
			isa = PBXGroup;
			children = (
				FD54782924ED3EE200985035 /* Main.storyboard */,
				FD54782624ED3ED600985035 /* LaunchScreen.storyboard */,
			);
			path = View;
			sourceTree = "<group>";
		};
		FD54782E24ED3F5300985035 /* AppHandler */ = {
			isa = PBXGroup;
			children = (
				FD54783C24ED52D900985035 /* Validation */,
				FD54783B24ED52CC00985035 /* Constant */,
				FD54782F24ED3F6300985035 /* Extension */,
			);
			path = AppHandler;
			sourceTree = "<group>";
		};
		FD54782F24ED3F6300985035 /* Extension */ = {
			isa = PBXGroup;
			children = (
				FD54783024ED3F8300985035 /* ViewExtension.swift */,
				FD54783424ED4A2C00985035 /* TextfieldExtension.swift */,
				FD54783F24ED5ADC00985035 /* ViewControllerExtension.swift */,
				FD54785824ED8C3F00985035 /* NSManagedObjectContextExtension.swift */,
			);
			path = Extension;
			sourceTree = "<group>";
		};
		FD54783624ED4EDC00985035 /* ViewModel */ = {
			isa = PBXGroup;
			children = (
				FD54783724ED4EFC00985035 /* LoginViewModel.swift */,
				FD54784F24ED800600985035 /* HomeViewModel.swift */,
				FD54785124ED801A00985035 /* AddIncidentViewModel.swift */,
			);
			path = ViewModel;
			sourceTree = "<group>";
		};
		FD54783B24ED52CC00985035 /* Constant */ = {
			isa = PBXGroup;
			children = (
				FD54783924ED500000985035 /* Constant.swift */,
			);
			path = Constant;
			sourceTree = "<group>";
		};
		FD54783C24ED52D900985035 /* Validation */ = {
			isa = PBXGroup;
			children = (
				FD54783D24ED533B00985035 /* Validation.swift */,
			);
			path = Validation;
			sourceTree = "<group>";
		};
		FD54784124ED5EF300985035 /* Coardinator */ = {
			isa = PBXGroup;
			children = (
				FD54784224ED5FB000985035 /* MainCoordinator.swift */,
			);
			path = Coardinator;
			sourceTree = "<group>";
		};
		FD54784824ED7DC200985035 /* Store */ = {
			isa = PBXGroup;
			children = (
				FD54785324ED83C600985035 /* CoreDataStack.swift */,
				FD54785A24ED8CDA00985035 /* IncidentGateWay.swift */,
				FD54785F24ED8FBA00985035 /* Incidents.swift */,
			);
			path = Store;
			sourceTree = "<group>";
		};
		FD54785524ED845A00985035 /* Frameworks */ = {
			isa = PBXGroup;
			children = (
				FD54785624ED845B00985035 /* CoreData.framework */,
			);
			name = Frameworks;
			sourceTree = "<group>";
		};
		FD54785C24ED8E7400985035 /* Model */ = {
			isa = PBXGroup;
			children = (
				FD54785D24ED8E8D00985035 /* IncidentModel.swift */,
			);
			path = Model;
			sourceTree = "<group>";
		};
		FD54786124ED9DC300985035 /* DataSource */ = {
			isa = PBXGroup;
			children = (
				FD54786224ED9DEC00985035 /* HomeDataSource.swift */,
			);
			path = DataSource;
			sourceTree = "<group>";
		};
		FD54786424ED9EC400985035 /* Cell */ = {
			isa = PBXGroup;
			children = (
				FD54786524ED9F0900985035 /* HomeTableCell.swift */,
			);
			path = Cell;
			sourceTree = "<group>";
		};
/* End PBXGroup section */

/* Begin PBXNativeTarget section */
		FD5477EB24ED3E2900985035 /* Incident Report */ = {
			isa = PBXNativeTarget;
			buildConfigurationList = FD54781624ED3E2A00985035 /* Build configuration list for PBXNativeTarget "Incident Report" */;
			buildPhases = (
				FD5477E824ED3E2900985035 /* Sources */,
				FD5477E924ED3E2900985035 /* Frameworks */,
				FD5477EA24ED3E2900985035 /* Resources */,
			);
			buildRules = (
			);
			dependencies = (
			);
			name = "Incident Report";
			productName = "Incident Report";
			productReference = FD5477EC24ED3E2900985035 /* Incident Report.app */;
			productType = "com.apple.product-type.application";
		};
		FD54780124ED3E2A00985035 /* Incident ReportTests */ = {
			isa = PBXNativeTarget;
			buildConfigurationList = FD54781924ED3E2A00985035 /* Build configuration list for PBXNativeTarget "Incident ReportTests" */;
			buildPhases = (
				FD5477FE24ED3E2A00985035 /* Sources */,
				FD5477FF24ED3E2A00985035 /* Frameworks */,
				FD54780024ED3E2A00985035 /* Resources */,
			);
			buildRules = (
			);
			dependencies = (
				FD54780424ED3E2A00985035 /* PBXTargetDependency */,
			);
			name = "Incident ReportTests";
			productName = "Incident ReportTests";
			productReference = FD54780224ED3E2A00985035 /* Incident ReportTests.xctest */;
			productType = "com.apple.product-type.bundle.unit-test";
		};
		FD54780C24ED3E2A00985035 /* Incident ReportUITests */ = {
			isa = PBXNativeTarget;
			buildConfigurationList = FD54781C24ED3E2A00985035 /* Build configuration list for PBXNativeTarget "Incident ReportUITests" */;
			buildPhases = (
				FD54780924ED3E2A00985035 /* Sources */,
				FD54780A24ED3E2A00985035 /* Frameworks */,
				FD54780B24ED3E2A00985035 /* Resources */,
			);
			buildRules = (
			);
			dependencies = (
				FD54780F24ED3E2A00985035 /* PBXTargetDependency */,
			);
			name = "Incident ReportUITests";
			productName = "Incident ReportUITests";
			productReference = FD54780D24ED3E2A00985035 /* Incident ReportUITests.xctest */;
			productType = "com.apple.product-type.bundle.ui-testing";
		};
/* End PBXNativeTarget section */

/* Begin PBXProject section */
		FD5477E424ED3E2900985035 /* Project object */ = {
			isa = PBXProject;
			attributes = {
				LastSwiftUpdateCheck = 1140;
				LastUpgradeCheck = 1140;
				ORGANIZATIONNAME = "Ankush Dhawan";
				TargetAttributes = {
					FD5477EB24ED3E2900985035 = {
						CreatedOnToolsVersion = 11.4;
					};
					FD54780124ED3E2A00985035 = {
						CreatedOnToolsVersion = 11.4;
						TestTargetID = FD5477EB24ED3E2900985035;
					};
					FD54780C24ED3E2A00985035 = {
						CreatedOnToolsVersion = 11.4;
						TestTargetID = FD5477EB24ED3E2900985035;
					};
				};
			};
			buildConfigurationList = FD5477E724ED3E2900985035 /* Build configuration list for PBXProject "Incident Report" */;
			compatibilityVersion = "Xcode 9.3";
			developmentRegion = en;
			hasScannedForEncodings = 0;
			knownRegions = (
				en,
				Base,
			);
			mainGroup = FD5477E324ED3E2900985035;
			productRefGroup = FD5477ED24ED3E2900985035 /* Products */;
			projectDirPath = "";
			projectRoot = "";
			targets = (
				FD5477EB24ED3E2900985035 /* Incident Report */,
				FD54780124ED3E2A00985035 /* Incident ReportTests */,
				FD54780C24ED3E2A00985035 /* Incident ReportUITests */,
			);
		};
/* End PBXProject section */

/* Begin PBXResourcesBuildPhase section */
		FD5477EA24ED3E2900985035 /* Resources */ = {
			isa = PBXResourcesBuildPhase;
			buildActionMask = 2147483647;
			files = (
				FD54782B24ED3EE200985035 /* Main.storyboard in Resources */,
				FD5477F924ED3E2A00985035 /* Assets.xcassets in Resources */,
				FD54782824ED3ED600985035 /* LaunchScreen.storyboard in Resources */,
			);
			runOnlyForDeploymentPostprocessing = 0;
		};
		FD54780024ED3E2A00985035 /* Resources */ = {
			isa = PBXResourcesBuildPhase;
			buildActionMask = 2147483647;
			files = (
			);
			runOnlyForDeploymentPostprocessing = 0;
		};
		FD54780B24ED3E2A00985035 /* Resources */ = {
			isa = PBXResourcesBuildPhase;
			buildActionMask = 2147483647;
			files = (
			);
			runOnlyForDeploymentPostprocessing = 0;
		};
/* End PBXResourcesBuildPhase section */

/* Begin PBXSourcesBuildPhase section */
		FD5477E824ED3E2900985035 /* Sources */ = {
			isa = PBXSourcesBuildPhase;
			buildActionMask = 2147483647;
			files = (
				FD54783124ED3F8300985035 /* ViewExtension.swift in Sources */,
				FD54785924ED8C3F00985035 /* NSManagedObjectContextExtension.swift in Sources */,
				FD5477F024ED3E2900985035 /* AppDelegate.swift in Sources */,
				FD54784024ED5ADC00985035 /* ViewControllerExtension.swift in Sources */,
				FD54785B24ED8CDA00985035 /* IncidentGateWay.swift in Sources */,
				FD54785224ED801A00985035 /* AddIncidentViewModel.swift in Sources */,
				FD54784324ED5FB000985035 /* MainCoordinator.swift in Sources */,
				FD54786024ED8FBA00985035 /* Incidents.swift in Sources */,
				FD54783824ED4EFC00985035 /* LoginViewModel.swift in Sources */,
				FD54783324ED3FA000985035 /* LoginVC.swift in Sources */,
				FD54784724ED7A4E00985035 /* AddIncidentVC.swift in Sources */,
				FD54786624ED9F0900985035 /* HomeTableCell.swift in Sources */,
				FD54784E24ED7E9000985035 /* IncidentReport.xcdatamodeld in Sources */,
				FD5477F224ED3E2900985035 /* SceneDelegate.swift in Sources */,
				FD54785424ED83C600985035 /* CoreDataStack.swift in Sources */,
				FD54785024ED800600985035 /* HomeViewModel.swift in Sources */,
				FD54783524ED4A2C00985035 /* TextfieldExtension.swift in Sources */,
				FD54786324ED9DEC00985035 /* HomeDataSource.swift in Sources */,
				FD54783E24ED533B00985035 /* Validation.swift in Sources */,
				FD54784524ED610D00985035 /* HomeVC.swift in Sources */,
				FD54783A24ED500000985035 /* Constant.swift in Sources */,
				FD54785E24ED8E8D00985035 /* IncidentModel.swift in Sources */,
			);
			runOnlyForDeploymentPostprocessing = 0;
		};
		FD5477FE24ED3E2A00985035 /* Sources */ = {
			isa = PBXSourcesBuildPhase;
			buildActionMask = 2147483647;
			files = (
				FD54786F24EE785600985035 /* HomeViewModelTests.swift in Sources */,
				FD54780724ED3E2A00985035 /* Incident_ReportTests.swift in Sources */,
				FD54786B24EE6A9500985035 /* AddRecordTests.swift in Sources */,
				FD54786824EE655800985035 /* LoginTest.swift in Sources */,
				FD54786D24EE737500985035 /* InMemoryCoreDataStack.swift in Sources */,
			);
			runOnlyForDeploymentPostprocessing = 0;
		};
		FD54780924ED3E2A00985035 /* Sources */ = {
			isa = PBXSourcesBuildPhase;
			buildActionMask = 2147483647;
			files = (
				FD54787324EE8FC400985035 /* AddIncidentUITestCases.swift in Sources */,
				FD54787124EE85CC00985035 /* HomeUITestCases.swift in Sources */,
				FD54781224ED3E2A00985035 /* Incident_ReportUITests.swift in Sources */,
			);
			runOnlyForDeploymentPostprocessing = 0;
		};
/* End PBXSourcesBuildPhase section */

/* Begin PBXTargetDependency section */
		FD54780424ED3E2A00985035 /* PBXTargetDependency */ = {
			isa = PBXTargetDependency;
			target = FD5477EB24ED3E2900985035 /* Incident Report */;
			targetProxy = FD54780324ED3E2A00985035 /* PBXContainerItemProxy */;
		};
		FD54780F24ED3E2A00985035 /* PBXTargetDependency */ = {
			isa = PBXTargetDependency;
			target = FD5477EB24ED3E2900985035 /* Incident Report */;
			targetProxy = FD54780E24ED3E2A00985035 /* PBXContainerItemProxy */;
		};
/* End PBXTargetDependency section */

/* Begin PBXVariantGroup section */
		FD54782624ED3ED600985035 /* LaunchScreen.storyboard */ = {
			isa = PBXVariantGroup;
			children = (
				FD54782724ED3ED600985035 /* Base */,
			);
			name = LaunchScreen.storyboard;
			sourceTree = "<group>";
		};
		FD54782924ED3EE200985035 /* Main.storyboard */ = {
			isa = PBXVariantGroup;
			children = (
				FD54782A24ED3EE200985035 /* Base */,
			);
			name = Main.storyboard;
			sourceTree = "<group>";
		};
/* End PBXVariantGroup section */

/* Begin XCBuildConfiguration section */
		FD54781424ED3E2A00985035 /* Debug */ = {
			isa = XCBuildConfiguration;
			buildSettings = {
				ALWAYS_SEARCH_USER_PATHS = NO;
				CLANG_ANALYZER_NONNULL = YES;
				CLANG_ANALYZER_NUMBER_OBJECT_CONVERSION = YES_AGGRESSIVE;
				CLANG_CXX_LANGUAGE_STANDARD = "gnu++14";
				CLANG_CXX_LIBRARY = "libc++";
				CLANG_ENABLE_MODULES = YES;
				CLANG_ENABLE_OBJC_ARC = YES;
				CLANG_ENABLE_OBJC_WEAK = YES;
				CLANG_WARN_BLOCK_CAPTURE_AUTORELEASING = YES;
				CLANG_WARN_BOOL_CONVERSION = YES;
				CLANG_WARN_COMMA = YES;
				CLANG_WARN_CONSTANT_CONVERSION = YES;
				CLANG_WARN_DEPRECATED_OBJC_IMPLEMENTATIONS = YES;
				CLANG_WARN_DIRECT_OBJC_ISA_USAGE = YES_ERROR;
				CLANG_WARN_DOCUMENTATION_COMMENTS = YES;
				CLANG_WARN_EMPTY_BODY = YES;
				CLANG_WARN_ENUM_CONVERSION = YES;
				CLANG_WARN_INFINITE_RECURSION = YES;
				CLANG_WARN_INT_CONVERSION = YES;
				CLANG_WARN_NON_LITERAL_NULL_CONVERSION = YES;
				CLANG_WARN_OBJC_IMPLICIT_RETAIN_SELF = YES;
				CLANG_WARN_OBJC_LITERAL_CONVERSION = YES;
				CLANG_WARN_OBJC_ROOT_CLASS = YES_ERROR;
				CLANG_WARN_RANGE_LOOP_ANALYSIS = YES;
				CLANG_WARN_STRICT_PROTOTYPES = YES;
				CLANG_WARN_SUSPICIOUS_MOVE = YES;
				CLANG_WARN_UNGUARDED_AVAILABILITY = YES_AGGRESSIVE;
				CLANG_WARN_UNREACHABLE_CODE = YES;
				CLANG_WARN__DUPLICATE_METHOD_MATCH = YES;
				COPY_PHASE_STRIP = NO;
				DEBUG_INFORMATION_FORMAT = dwarf;
				ENABLE_STRICT_OBJC_MSGSEND = YES;
				ENABLE_TESTABILITY = YES;
				GCC_C_LANGUAGE_STANDARD = gnu11;
				GCC_DYNAMIC_NO_PIC = NO;
				GCC_NO_COMMON_BLOCKS = YES;
				GCC_OPTIMIZATION_LEVEL = 0;
				GCC_PREPROCESSOR_DEFINITIONS = (
					"DEBUG=1",
					"$(inherited)",
				);
				GCC_WARN_64_TO_32_BIT_CONVERSION = YES;
				GCC_WARN_ABOUT_RETURN_TYPE = YES_ERROR;
				GCC_WARN_UNDECLARED_SELECTOR = YES;
				GCC_WARN_UNINITIALIZED_AUTOS = YES_AGGRESSIVE;
				GCC_WARN_UNUSED_FUNCTION = YES;
				GCC_WARN_UNUSED_VARIABLE = YES;
				IPHONEOS_DEPLOYMENT_TARGET = 13.4;
				MTL_ENABLE_DEBUG_INFO = INCLUDE_SOURCE;
				MTL_FAST_MATH = YES;
				ONLY_ACTIVE_ARCH = YES;
				SDKROOT = iphoneos;
				SWIFT_ACTIVE_COMPILATION_CONDITIONS = DEBUG;
				SWIFT_OPTIMIZATION_LEVEL = "-Onone";
			};
			name = Debug;
		};
		FD54781524ED3E2A00985035 /* Release */ = {
			isa = XCBuildConfiguration;
			buildSettings = {
				ALWAYS_SEARCH_USER_PATHS = NO;
				CLANG_ANALYZER_NONNULL = YES;
				CLANG_ANALYZER_NUMBER_OBJECT_CONVERSION = YES_AGGRESSIVE;
				CLANG_CXX_LANGUAGE_STANDARD = "gnu++14";
				CLANG_CXX_LIBRARY = "libc++";
				CLANG_ENABLE_MODULES = YES;
				CLANG_ENABLE_OBJC_ARC = YES;
				CLANG_ENABLE_OBJC_WEAK = YES;
				CLANG_WARN_BLOCK_CAPTURE_AUTORELEASING = YES;
				CLANG_WARN_BOOL_CONVERSION = YES;
				CLANG_WARN_COMMA = YES;
				CLANG_WARN_CONSTANT_CONVERSION = YES;
				CLANG_WARN_DEPRECATED_OBJC_IMPLEMENTATIONS = YES;
				CLANG_WARN_DIRECT_OBJC_ISA_USAGE = YES_ERROR;
				CLANG_WARN_DOCUMENTATION_COMMENTS = YES;
				CLANG_WARN_EMPTY_BODY = YES;
				CLANG_WARN_ENUM_CONVERSION = YES;
				CLANG_WARN_INFINITE_RECURSION = YES;
				CLANG_WARN_INT_CONVERSION = YES;
				CLANG_WARN_NON_LITERAL_NULL_CONVERSION = YES;
				CLANG_WARN_OBJC_IMPLICIT_RETAIN_SELF = YES;
				CLANG_WARN_OBJC_LITERAL_CONVERSION = YES;
				CLANG_WARN_OBJC_ROOT_CLASS = YES_ERROR;
				CLANG_WARN_RANGE_LOOP_ANALYSIS = YES;
				CLANG_WARN_STRICT_PROTOTYPES = YES;
				CLANG_WARN_SUSPICIOUS_MOVE = YES;
				CLANG_WARN_UNGUARDED_AVAILABILITY = YES_AGGRESSIVE;
				CLANG_WARN_UNREACHABLE_CODE = YES;
				CLANG_WARN__DUPLICATE_METHOD_MATCH = YES;
				COPY_PHASE_STRIP = NO;
				DEBUG_INFORMATION_FORMAT = "dwarf-with-dsym";
				ENABLE_NS_ASSERTIONS = NO;
				ENABLE_STRICT_OBJC_MSGSEND = YES;
				GCC_C_LANGUAGE_STANDARD = gnu11;
				GCC_NO_COMMON_BLOCKS = YES;
				GCC_WARN_64_TO_32_BIT_CONVERSION = YES;
				GCC_WARN_ABOUT_RETURN_TYPE = YES_ERROR;
				GCC_WARN_UNDECLARED_SELECTOR = YES;
				GCC_WARN_UNINITIALIZED_AUTOS = YES_AGGRESSIVE;
				GCC_WARN_UNUSED_FUNCTION = YES;
				GCC_WARN_UNUSED_VARIABLE = YES;
				IPHONEOS_DEPLOYMENT_TARGET = 13.4;
				MTL_ENABLE_DEBUG_INFO = NO;
				MTL_FAST_MATH = YES;
				SDKROOT = iphoneos;
				SWIFT_COMPILATION_MODE = wholemodule;
				SWIFT_OPTIMIZATION_LEVEL = "-O";
				VALIDATE_PRODUCT = YES;
			};
			name = Release;
		};
		FD54781724ED3E2A00985035 /* Debug */ = {
			isa = XCBuildConfiguration;
			buildSettings = {
				ASSETCATALOG_COMPILER_APPICON_NAME = AppIcon;
				CODE_SIGN_STYLE = Automatic;
				INFOPLIST_FILE = "Incident Report/Info.plist";
				LD_RUNPATH_SEARCH_PATHS = (
					"$(inherited)",
					"@executable_path/Frameworks",
				);
				PRODUCT_BUNDLE_IDENTIFIER = "Sapient.Incident-Report";
				PRODUCT_NAME = "$(TARGET_NAME)";
				SWIFT_VERSION = 5.0;
				TARGETED_DEVICE_FAMILY = "1,2";
			};
			name = Debug;
		};
		FD54781824ED3E2A00985035 /* Release */ = {
			isa = XCBuildConfiguration;
			buildSettings = {
				ASSETCATALOG_COMPILER_APPICON_NAME = AppIcon;
				CODE_SIGN_STYLE = Automatic;
				INFOPLIST_FILE = "Incident Report/Info.plist";
				LD_RUNPATH_SEARCH_PATHS = (
					"$(inherited)",
					"@executable_path/Frameworks",
				);
				PRODUCT_BUNDLE_IDENTIFIER = "Sapient.Incident-Report";
				PRODUCT_NAME = "$(TARGET_NAME)";
				SWIFT_VERSION = 5.0;
				TARGETED_DEVICE_FAMILY = "1,2";
			};
			name = Release;
		};
		FD54781A24ED3E2A00985035 /* Debug */ = {
			isa = XCBuildConfiguration;
			buildSettings = {
				ALWAYS_EMBED_SWIFT_STANDARD_LIBRARIES = YES;
				BUNDLE_LOADER = "$(TEST_HOST)";
				CODE_SIGN_STYLE = Automatic;
				INFOPLIST_FILE = "Incident ReportTests/Info.plist";
				IPHONEOS_DEPLOYMENT_TARGET = 13.4;
				LD_RUNPATH_SEARCH_PATHS = (
					"$(inherited)",
					"@executable_path/Frameworks",
					"@loader_path/Frameworks",
				);
				PRODUCT_BUNDLE_IDENTIFIER = "Sapient.Incident-ReportTests";
				PRODUCT_NAME = "$(TARGET_NAME)";
				SWIFT_VERSION = 5.0;
				TARGETED_DEVICE_FAMILY = "1,2";
				TEST_HOST = "$(BUILT_PRODUCTS_DIR)/Incident Report.app/Incident Report";
			};
			name = Debug;
		};
		FD54781B24ED3E2A00985035 /* Release */ = {
			isa = XCBuildConfiguration;
			buildSettings = {
				ALWAYS_EMBED_SWIFT_STANDARD_LIBRARIES = YES;
				BUNDLE_LOADER = "$(TEST_HOST)";
				CODE_SIGN_STYLE = Automatic;
				INFOPLIST_FILE = "Incident ReportTests/Info.plist";
				IPHONEOS_DEPLOYMENT_TARGET = 13.4;
				LD_RUNPATH_SEARCH_PATHS = (
					"$(inherited)",
					"@executable_path/Frameworks",
					"@loader_path/Frameworks",
				);
				PRODUCT_BUNDLE_IDENTIFIER = "Sapient.Incident-ReportTests";
				PRODUCT_NAME = "$(TARGET_NAME)";
				SWIFT_VERSION = 5.0;
				TARGETED_DEVICE_FAMILY = "1,2";
				TEST_HOST = "$(BUILT_PRODUCTS_DIR)/Incident Report.app/Incident Report";
			};
			name = Release;
		};
		FD54781D24ED3E2A00985035 /* Debug */ = {
			isa = XCBuildConfiguration;
			buildSettings = {
				ALWAYS_EMBED_SWIFT_STANDARD_LIBRARIES = YES;
				CODE_SIGN_STYLE = Automatic;
				INFOPLIST_FILE = "Incident ReportUITests/Info.plist";
				LD_RUNPATH_SEARCH_PATHS = (
					"$(inherited)",
					"@executable_path/Frameworks",
					"@loader_path/Frameworks",
				);
				PRODUCT_BUNDLE_IDENTIFIER = "Sapient.Incident-ReportUITests";
				PRODUCT_NAME = "$(TARGET_NAME)";
				SWIFT_VERSION = 5.0;
				TARGETED_DEVICE_FAMILY = "1,2";
				TEST_TARGET_NAME = "Incident Report";
			};
			name = Debug;
		};
		FD54781E24ED3E2A00985035 /* Release */ = {
			isa = XCBuildConfiguration;
			buildSettings = {
				ALWAYS_EMBED_SWIFT_STANDARD_LIBRARIES = YES;
				CODE_SIGN_STYLE = Automatic;
				INFOPLIST_FILE = "Incident ReportUITests/Info.plist";
				LD_RUNPATH_SEARCH_PATHS = (
					"$(inherited)",
					"@executable_path/Frameworks",
					"@loader_path/Frameworks",
				);
				PRODUCT_BUNDLE_IDENTIFIER = "Sapient.Incident-ReportUITests";
				PRODUCT_NAME = "$(TARGET_NAME)";
				SWIFT_VERSION = 5.0;
				TARGETED_DEVICE_FAMILY = "1,2";
				TEST_TARGET_NAME = "Incident Report";
			};
			name = Release;
		};
/* End XCBuildConfiguration section */

/* Begin XCConfigurationList section */
		FD5477E724ED3E2900985035 /* Build configuration list for PBXProject "Incident Report" */ = {
			isa = XCConfigurationList;
			buildConfigurations = (
				FD54781424ED3E2A00985035 /* Debug */,
				FD54781524ED3E2A00985035 /* Release */,
			);
			defaultConfigurationIsVisible = 0;
			defaultConfigurationName = Release;
		};
		FD54781624ED3E2A00985035 /* Build configuration list for PBXNativeTarget "Incident Report" */ = {
			isa = XCConfigurationList;
			buildConfigurations = (
				FD54781724ED3E2A00985035 /* Debug */,
				FD54781824ED3E2A00985035 /* Release */,
			);
			defaultConfigurationIsVisible = 0;
			defaultConfigurationName = Release;
		};
		FD54781924ED3E2A00985035 /* Build configuration list for PBXNativeTarget "Incident ReportTests" */ = {
			isa = XCConfigurationList;
			buildConfigurations = (
				FD54781A24ED3E2A00985035 /* Debug */,
				FD54781B24ED3E2A00985035 /* Release */,
			);
			defaultConfigurationIsVisible = 0;
			defaultConfigurationName = Release;
		};
		FD54781C24ED3E2A00985035 /* Build configuration list for PBXNativeTarget "Incident ReportUITests" */ = {
			isa = XCConfigurationList;
			buildConfigurations = (
				FD54781D24ED3E2A00985035 /* Debug */,
				FD54781E24ED3E2A00985035 /* Release */,
			);
			defaultConfigurationIsVisible = 0;
			defaultConfigurationName = Release;
		};
/* End XCConfigurationList section */

/* Begin XCVersionGroup section */
		FD54784C24ED7E9000985035 /* IncidentReport.xcdatamodeld */ = {
			isa = XCVersionGroup;
			children = (
				FD54784D24ED7E9000985035 /* IncidentReport.xcdatamodel */,
			);
			currentVersion = FD54784D24ED7E9000985035 /* IncidentReport.xcdatamodel */;
			path = IncidentReport.xcdatamodeld;
			sourceTree = "<group>";
			versionGroupType = wrapper.xcdatamodel;
		};
/* End XCVersionGroup section */
	};
	rootObject = FD5477E424ED3E2900985035 /* Project object */;
}
